
Microsoft Visual Studio Solution File, Format Version 12.00
# Visual Studio Version 17
VisualStudioVersion = 17.8.34525.116
MinimumVisualStudioVersion = 10.0.40219.1
Project("{FAE04EC0-301F-11D3-BF4B-00C04F79EFBC}") = "reactBackend", "reactBackend\reactBackend.csproj", "{75B35957-67DE-4EA8-8277-43B745E796CC}"
EndProject
Global
	GlobalSection(SolutionConfigurationPlatforms) = preSolution
		Debug|Any CPU = Debug|Any CPU
		Release|Any CPU = Release|Any CPU
	EndGlobalSection
	GlobalSection(ProjectConfigurationPlatforms) = postSolution
		{75B35957-67DE-4EA8-8277-43B745E796CC}.Debug|Any CPU.ActiveCfg = Debug|Any CPU
		{75B35957-67DE-4EA8-8277-43B745E796CC}.Debug|Any CPU.Build.0 = Debug|Any CPU
		{75B35957-67DE-4EA8-8277-43B745E796CC}.Release|Any CPU.ActiveCfg = Release|Any CPU
		{75B35957-67DE-4EA8-8277-43B745E796CC}.Release|Any CPU.Build.0 = Release|Any CPU
	EndGlobalSection
	GlobalSection(SolutionProperties) = preSolution
		HideSolutionNode = FALSE
	EndGlobalSection
	GlobalSection(ExtensibilityGlobals) = postSolution
		SolutionGuid = {5D137261-F930-4ED8-A43C-063993574297}
	EndGlobalSection
EndGlobal
